
Microsoft Visual Studio Solution File, Format Version 12.00
# Visual Studio Version 17
VisualStudioVersion = 17.7.34018.315
MinimumVisualStudioVersion = 10.0.40219.1
Project("{FAE04EC0-301F-11D3-BF4B-00C04F79EFBC}") = "ELearning", "ELearning\ELearning.csproj", "{AFED36A2-F7D4-4F85-9A98-CCFFFB0F5CDB}"
EndProject
Global
	GlobalSection(SolutionConfigurationPlatforms) = preSolution
		Debug|Any CPU = Debug|Any CPU
		Release|Any CPU = Release|Any CPU
	EndGlobalSection
	GlobalSection(ProjectConfigurationPlatforms) = postSolution
		{AFED36A2-F7D4-4F85-9A98-CCFFFB0F5CDB}.Debug|Any CPU.ActiveCfg = Debug|Any CPU
		{AFED36A2-F7D4-4F85-9A98-CCFFFB0F5CDB}.Debug|Any CPU.Build.0 = Debug|Any CPU
		{AFED36A2-F7D4-4F85-9A98-CCFFFB0F5CDB}.Release|Any CPU.ActiveCfg = Release|Any CPU
		{AFED36A2-F7D4-4F85-9A98-CCFFFB0F5CDB}.Release|Any CPU.Build.0 = Release|Any CPU
	EndGlobalSection
	GlobalSection(SolutionProperties) = preSolution
		HideSolutionNode = FALSE
	EndGlobalSection
	GlobalSection(ExtensibilityGlobals) = postSolution
		SolutionGuid = {1D4CCE5B-D883-4FCA-8E6F-2FF7E197972C}
	EndGlobalSection
EndGlobal
